
Microsoft Visual Studio Solution File, Format Version 12.00
# Visual Studio Version 17
VisualStudioVersion = 17.11.35327.3
MinimumVisualStudioVersion = 10.0.40219.1
Project("{8BC9CEB8-8B4A-11D0-8D11-00A0C91BC942}") = "Minesweeper", "Minesweeper\Minesweeper.vcxproj", "{88472422-D659-47DF-A442-91E4FF511DF3}"
EndProject
Global
	GlobalSection(SolutionConfigurationPlatforms) = preSolution
		Debug|x64 = Debug|x64
		Debug|x86 = Debug|x86
		Release|x64 = Release|x64
		Release|x86 = Release|x86
	EndGlobalSection
	GlobalSection(ProjectConfigurationPlatforms) = postSolution
		{88472422-D659-47DF-A442-91E4FF511DF3}.Debug|x64.ActiveCfg = Debug|x64
		{88472422-D659-47DF-A442-91E4FF511DF3}.Debug|x64.Build.0 = Debug|x64
		{88472422-D659-47DF-A442-91E4FF511DF3}.Debug|x86.ActiveCfg = Debug|Win32
		{88472422-D659-47DF-A442-91E4FF511DF3}.Debug|x86.Build.0 = Debug|Win32
		{88472422-D659-47DF-A442-91E4FF511DF3}.Release|x64.ActiveCfg = Release|x64
		{88472422-D659-47DF-A442-91E4FF511DF3}.Release|x64.Build.0 = Release|x64
		{88472422-D659-47DF-A442-91E4FF511DF3}.Release|x86.ActiveCfg = Release|Win32
		{88472422-D659-47DF-A442-91E4FF511DF3}.Release|x86.Build.0 = Release|Win32
	EndGlobalSection
	GlobalSection(SolutionProperties) = preSolution
		HideSolutionNode = FALSE
	EndGlobalSection
	GlobalSection(ExtensibilityGlobals) = postSolution
		SolutionGuid = {7DDB9575-576C-4C32-B56C-5EB032508147}
	EndGlobalSection
EndGlobal
